{
  "name": "retro-rts-game",
  "version": "1.0.0",
  "lockfileVersion": 1,
  "requires": true,
  "dependencies": {
    "prettier": {
      "version": "2.7.1",
      "resolved": "https://repo.dev.wixpress.com/artifactory/api/npm/npm-repos/prettier/-/prettier-2.7.1.tgz",
      "integrity": "sha1-4jWAaFDQV/l7sINopPfYmfd2DGQ=",
      "dev": true
    }
  }
}
